
Microsoft Visual Studio Solution File, Format Version 12.00
# Visual Studio 15
VisualStudioVersion = 15.0.27703.2042
MinimumVisualStudioVersion = 10.0.40219.1
Project("{FAE04EC0-301F-11D3-BF4B-00C04F79EFBC}") = "SCVBackend", "SCVBackend\SCVBackend.csproj", "{2BCB474E-B1B9-4D5F-BC74-3FA842B4D759}"
EndProject
Project("{FAE04EC0-301F-11D3-BF4B-00C04F79EFBC}") = "SCVBackend.Tests.Unit", "SCVBackend.Tests.Unit\SCVBackend.Tests.Unit.csproj", "{7C1B451B-4CC0-42F2-9368-D4E79C4E4B39}"
EndProject
Project("{FAE04EC0-301F-11D3-BF4B-00C04F79EFBC}") = "SCVBackend.Tests.Integration", "SCVBackend.Tests.Integration\SCVBackend.Tests.Integration.csproj", "{B6457B8D-1B06-4C49-AA54-7068AEE97089}"
EndProject
Global
	GlobalSection(SolutionConfigurationPlatforms) = preSolution
		Debug|Any CPU = Debug|Any CPU
		Release|Any CPU = Release|Any CPU
	EndGlobalSection
	GlobalSection(ProjectConfigurationPlatforms) = postSolution
		{2BCB474E-B1B9-4D5F-BC74-3FA842B4D759}.Debug|Any CPU.ActiveCfg = Debug|Any CPU
		{2BCB474E-B1B9-4D5F-BC74-3FA842B4D759}.Debug|Any CPU.Build.0 = Debug|Any CPU
		{2BCB474E-B1B9-4D5F-BC74-3FA842B4D759}.Release|Any CPU.ActiveCfg = Release|Any CPU
		{2BCB474E-B1B9-4D5F-BC74-3FA842B4D759}.Release|Any CPU.Build.0 = Release|Any CPU
		{7C1B451B-4CC0-42F2-9368-D4E79C4E4B39}.Debug|Any CPU.ActiveCfg = Debug|Any CPU
		{7C1B451B-4CC0-42F2-9368-D4E79C4E4B39}.Debug|Any CPU.Build.0 = Debug|Any CPU
		{7C1B451B-4CC0-42F2-9368-D4E79C4E4B39}.Release|Any CPU.ActiveCfg = Release|Any CPU
		{7C1B451B-4CC0-42F2-9368-D4E79C4E4B39}.Release|Any CPU.Build.0 = Release|Any CPU
		{B6457B8D-1B06-4C49-AA54-7068AEE97089}.Debug|Any CPU.ActiveCfg = Debug|Any CPU
		{B6457B8D-1B06-4C49-AA54-7068AEE97089}.Debug|Any CPU.Build.0 = Debug|Any CPU
		{B6457B8D-1B06-4C49-AA54-7068AEE97089}.Release|Any CPU.ActiveCfg = Release|Any CPU
		{B6457B8D-1B06-4C49-AA54-7068AEE97089}.Release|Any CPU.Build.0 = Release|Any CPU
	EndGlobalSection
	GlobalSection(SolutionProperties) = preSolution
		HideSolutionNode = FALSE
	EndGlobalSection
	GlobalSection(ExtensibilityGlobals) = postSolution
		SolutionGuid = {1586221B-96E7-4763-BCF1-D36E22494726}
	EndGlobalSection
EndGlobal
